
Microsoft Visual Studio Solution File, Format Version 12.00
# Visual Studio Version 17
VisualStudioVersion = 17.4.33205.214
MinimumVisualStudioVersion = 10.0.40219.1
Project("{FAE04EC0-301F-11D3-BF4B-00C04F79EFBC}") = "Quran", "Quran\Quran.csproj", "{78BD85D9-F493-41A6-9F63-2B45C69C81EE}"
EndProject
Global
	GlobalSection(SolutionConfigurationPlatforms) = preSolution
		Debug|Any CPU = Debug|Any CPU
		Release|Any CPU = Release|Any CPU
	EndGlobalSection
	GlobalSection(ProjectConfigurationPlatforms) = postSolution
		{78BD85D9-F493-41A6-9F63-2B45C69C81EE}.Debug|Any CPU.ActiveCfg = Debug|Any CPU
		{78BD85D9-F493-41A6-9F63-2B45C69C81EE}.Debug|Any CPU.Build.0 = Debug|Any CPU
		{78BD85D9-F493-41A6-9F63-2B45C69C81EE}.Release|Any CPU.ActiveCfg = Release|Any CPU
		{78BD85D9-F493-41A6-9F63-2B45C69C81EE}.Release|Any CPU.Build.0 = Release|Any CPU
	EndGlobalSection
	GlobalSection(SolutionProperties) = preSolution
		HideSolutionNode = FALSE
	EndGlobalSection
	GlobalSection(ExtensibilityGlobals) = postSolution
		SolutionGuid = {EF51F67C-7B16-431D-896F-C1629291B97D}
	EndGlobalSection
EndGlobal
